
Microsoft Visual Studio Solution File, Format Version 12.00
# Visual Studio Version 16
VisualStudioVersion = 16.0.30907.101
MinimumVisualStudioVersion = 10.0.40219.1
Project("{F2A71F9B-5D33-465A-A702-920D77279786}") = "Assignment05", "Assignment05.fsproj", "{06576837-F29B-489A-B24F-129BACB86A0A}"
EndProject
Global
	GlobalSection(SolutionConfigurationPlatforms) = preSolution
		Debug|Any CPU = Debug|Any CPU
		Release|Any CPU = Release|Any CPU
	EndGlobalSection
	GlobalSection(ProjectConfigurationPlatforms) = postSolution
		{06576837-F29B-489A-B24F-129BACB86A0A}.Debug|Any CPU.ActiveCfg = Debug|Any CPU
		{06576837-F29B-489A-B24F-129BACB86A0A}.Debug|Any CPU.Build.0 = Debug|Any CPU
		{06576837-F29B-489A-B24F-129BACB86A0A}.Release|Any CPU.ActiveCfg = Release|Any CPU
		{06576837-F29B-489A-B24F-129BACB86A0A}.Release|Any CPU.Build.0 = Release|Any CPU
	EndGlobalSection
	GlobalSection(SolutionProperties) = preSolution
		HideSolutionNode = FALSE
	EndGlobalSection
	GlobalSection(ExtensibilityGlobals) = postSolution
		SolutionGuid = {7496068D-2AAA-4101-B385-1C614E721AAA}
	EndGlobalSection
EndGlobal
