
Microsoft Visual Studio Solution File, Format Version 12.00
# Visual Studio Version 16
VisualStudioVersion = 16.0.30907.101
MinimumVisualStudioVersion = 10.0.40219.1
Project("{F2A71F9B-5D33-465A-A702-920D77279786}") = "Assignment06", "Assignment06.fsproj", "{C0942B6B-308E-47A7-AE3E-791B0469B0ED}"
EndProject
Global
	GlobalSection(SolutionConfigurationPlatforms) = preSolution
		Debug|Any CPU = Debug|Any CPU
		Release|Any CPU = Release|Any CPU
	EndGlobalSection
	GlobalSection(ProjectConfigurationPlatforms) = postSolution
		{C0942B6B-308E-47A7-AE3E-791B0469B0ED}.Debug|Any CPU.ActiveCfg = Debug|Any CPU
		{C0942B6B-308E-47A7-AE3E-791B0469B0ED}.Debug|Any CPU.Build.0 = Debug|Any CPU
		{C0942B6B-308E-47A7-AE3E-791B0469B0ED}.Release|Any CPU.ActiveCfg = Release|Any CPU
		{C0942B6B-308E-47A7-AE3E-791B0469B0ED}.Release|Any CPU.Build.0 = Release|Any CPU
	EndGlobalSection
	GlobalSection(SolutionProperties) = preSolution
		HideSolutionNode = FALSE
	EndGlobalSection
	GlobalSection(ExtensibilityGlobals) = postSolution
		SolutionGuid = {C1450554-E5E0-4952-9860-F913709F8E4F}
	EndGlobalSection
EndGlobal
