
Microsoft Visual Studio Solution File, Format Version 12.00
# Visual Studio Version 16
VisualStudioVersion = 16.0.30907.101
MinimumVisualStudioVersion = 10.0.40219.1
Project("{F2A71F9B-5D33-465A-A702-920D77279786}") = "Assignment01", "Assignment01\Assignment01.fsproj", "{6F3F636F-1935-4628-8AE3-44ABBC154C48}"
EndProject
Global
	GlobalSection(SolutionConfigurationPlatforms) = preSolution
		Debug|Any CPU = Debug|Any CPU
		Release|Any CPU = Release|Any CPU
	EndGlobalSection
	GlobalSection(ProjectConfigurationPlatforms) = postSolution
		{6F3F636F-1935-4628-8AE3-44ABBC154C48}.Debug|Any CPU.ActiveCfg = Debug|Any CPU
		{6F3F636F-1935-4628-8AE3-44ABBC154C48}.Debug|Any CPU.Build.0 = Debug|Any CPU
		{6F3F636F-1935-4628-8AE3-44ABBC154C48}.Release|Any CPU.ActiveCfg = Release|Any CPU
		{6F3F636F-1935-4628-8AE3-44ABBC154C48}.Release|Any CPU.Build.0 = Release|Any CPU
	EndGlobalSection
	GlobalSection(SolutionProperties) = preSolution
		HideSolutionNode = FALSE
	EndGlobalSection
	GlobalSection(ExtensibilityGlobals) = postSolution
		SolutionGuid = {F49A698B-1844-4C4B-BE54-45480A49AA64}
	EndGlobalSection
EndGlobal
